// !$*UTF8*$!
{
	archiveVersion = 1;
	classes = {
	};
	objectVersion = 50;
	objects = {

/* Begin PBXBuildFile section */
		CC678069257C2E4900F4D36A /* AppDelegate.m in Sources */ = {isa = PBXBuildFile; fileRef = CC678068257C2E4900F4D36A /* AppDelegate.m */; };
		CC67806C257C2E4900F4D36A /* SceneDelegate.m in Sources */ = {isa = PBXBuildFile; fileRef = CC67806B257C2E4900F4D36A /* SceneDelegate.m */; };
		CC67806F257C2E4900F4D36A /* ViewController.m in Sources */ = {isa = PBXBuildFile; fileRef = CC67806E257C2E4900F4D36A /* ViewController.m */; };
		CC678072257C2E4900F4D36A /* Main.storyboard in Resources */ = {isa = PBXBuildFile; fileRef = CC678070257C2E4900F4D36A /* Main.storyboard */; };
		CC678074257C2E4C00F4D36A /* Assets.xcassets in Resources */ = {isa = PBXBuildFile; fileRef = CC678073257C2E4C00F4D36A /* Assets.xcassets */; };
		CC678077257C2E4C00F4D36A /* LaunchScreen.storyboard in Resources */ = {isa = PBXBuildFile; fileRef = CC678075257C2E4C00F4D36A /* LaunchScreen.storyboard */; };
		CC67807A257C2E4C00F4D36A /* main.m in Sources */ = {isa = PBXBuildFile; fileRef = CC678079257C2E4C00F4D36A /* main.m */; };
		CC678084257C2E4C00F4D36A /* FetchCodingExerciseTests.m in Sources */ = {isa = PBXBuildFile; fileRef = CC678083257C2E4C00F4D36A /* FetchCodingExerciseTests.m */; };
		CC67808F257C2E4C00F4D36A /* FetchCodingExerciseUITests.m in Sources */ = {isa = PBXBuildFile; fileRef = CC67808E257C2E4C00F4D36A /* FetchCodingExerciseUITests.m */; };
		CC6780AA257C2ED500F4D36A /* FetchEventDetailView.m in Sources */ = {isa = PBXBuildFile; fileRef = CC6780A6257C2ED400F4D36A /* FetchEventDetailView.m */; };
		CC6780AB257C2ED500F4D36A /* FetchEventTableViewCell.m in Sources */ = {isa = PBXBuildFile; fileRef = CC6780A8257C2ED500F4D36A /* FetchEventTableViewCell.m */; };
		CC6780CC257C2EF700F4D36A /* FetchEventViewModel.m in Sources */ = {isa = PBXBuildFile; fileRef = CC6780CB257C2EF700F4D36A /* FetchEventViewModel.m */; };
		CC6780D6257C304100F4D36A /* SeatGeekEvent.m in Sources */ = {isa = PBXBuildFile; fileRef = CC6780D1257C304100F4D36A /* SeatGeekEvent.m */; };
		CC6780D7257C304100F4D36A /* FetchEvent.m in Sources */ = {isa = PBXBuildFile; fileRef = CC6780D5257C304100F4D36A /* FetchEvent.m */; };
		CC6780E7257C310B00F4D36A /* FetchEventDetailViewController.m in Sources */ = {isa = PBXBuildFile; fileRef = CC6780E3257C310B00F4D36A /* FetchEventDetailViewController.m */; };
		CC6780E8257C310B00F4D36A /* FetchEventTableViewController.m in Sources */ = {isa = PBXBuildFile; fileRef = CC6780E6257C310B00F4D36A /* FetchEventTableViewController.m */; };
		CC6780FC257C3F3A00F4D36A /* FetchThemeUtility.m in Sources */ = {isa = PBXBuildFile; fileRef = CC6780FB257C3F3900F4D36A /* FetchThemeUtility.m */; };
		CC678105257C4D4600F4D36A /* SeatGeekLoader.m in Sources */ = {isa = PBXBuildFile; fileRef = CC678104257C4D4600F4D36A /* SeatGeekLoader.m */; };
		CC67810B257C536B00F4D36A /* FetchRootViewController.m in Sources */ = {isa = PBXBuildFile; fileRef = CC67810A257C536B00F4D36A /* FetchRootViewController.m */; };
		CC678110257C58FC00F4D36A /* FakeDataFile in Resources */ = {isa = PBXBuildFile; fileRef = CC67810F257C58FC00F4D36A /* FakeDataFile */; };
		CCDE8A42257D6DCA00ACFB6B /* FetchFavoriteEventsManager.m in Sources */ = {isa = PBXBuildFile; fileRef = CCDE8A41257D6DCA00ACFB6B /* FetchFavoriteEventsManager.m */; };
		CCDE8A4A257DB93400ACFB6B /* SeatGeekLoaderTests.m in Sources */ = {isa = PBXBuildFile; fileRef = CCDE8A49257DB93400ACFB6B /* SeatGeekLoaderTests.m */; };
		CCDE8A52257DBA6500ACFB6B /* FetchFavoriteEventsManagerTests.m in Sources */ = {isa = PBXBuildFile; fileRef = CCDE8A51257DBA6500ACFB6B /* FetchFavoriteEventsManagerTests.m */; };
		CCDE8A5A257DC54D00ACFB6B /* FetchEventViewModelTests.m in Sources */ = {isa = PBXBuildFile; fileRef = CCDE8A59257DC54D00ACFB6B /* FetchEventViewModelTests.m */; };
		CCDE8A60257DC57D00ACFB6B /* FetchTestUtilities.m in Sources */ = {isa = PBXBuildFile; fileRef = CCDE8A5F257DC57D00ACFB6B /* FetchTestUtilities.m */; };
		CCDE8A70257DD86D00ACFB6B /* favorited.jpg in Resources */ = {isa = PBXBuildFile; fileRef = CCDE8A6F257DD86D00ACFB6B /* favorited.jpg */; };
		CCDE8A75257DD87500ACFB6B /* unfavorited.jpg in Resources */ = {isa = PBXBuildFile; fileRef = CCDE8A74257DD87500ACFB6B /* unfavorited.jpg */; };
		CCDE8A7A257DDA5200ACFB6B /* favorited.png in Resources */ = {isa = PBXBuildFile; fileRef = CCDE8A79257DDA5200ACFB6B /* favorited.png */; };
		CCDE8A7F257DDA5900ACFB6B /* unfavorited.png in Resources */ = {isa = PBXBuildFile; fileRef = CCDE8A7E257DDA5900ACFB6B /* unfavorited.png */; };
/* End PBXBuildFile section */

/* Begin PBXContainerItemProxy section */
		CC678080257C2E4C00F4D36A /* PBXContainerItemProxy */ = {
			isa = PBXContainerItemProxy;
			containerPortal = CC67805C257C2E4900F4D36A /* Project object */;
			proxyType = 1;
			remoteGlobalIDString = CC678063257C2E4900F4D36A;
			remoteInfo = FetchCodingExercise;
		};
		CC67808B257C2E4C00F4D36A /* PBXContainerItemProxy */ = {
			isa = PBXContainerItemProxy;
			containerPortal = CC67805C257C2E4900F4D36A /* Project object */;
			proxyType = 1;
			remoteGlobalIDString = CC678063257C2E4900F4D36A;
			remoteInfo = FetchCodingExercise;
		};
/* End PBXContainerItemProxy section */

/* Begin PBXFileReference section */
		CC678064257C2E4900F4D36A /* FetchCodingExercise.app */ = {isa = PBXFileReference; explicitFileType = wrapper.application; includeInIndex = 0; path = FetchCodingExercise.app; sourceTree = BUILT_PRODUCTS_DIR; };
		CC678067257C2E4900F4D36A /* AppDelegate.h */ = {isa = PBXFileReference; lastKnownFileType = sourcecode.c.h; path = AppDelegate.h; sourceTree = "<group>"; };
		CC678068257C2E4900F4D36A /* AppDelegate.m */ = {isa = PBXFileReference; lastKnownFileType = sourcecode.c.objc; path = AppDelegate.m; sourceTree = "<group>"; };
		CC67806A257C2E4900F4D36A /* SceneDelegate.h */ = {isa = PBXFileReference; lastKnownFileType = sourcecode.c.h; path = SceneDelegate.h; sourceTree = "<group>"; };
		CC67806B257C2E4900F4D36A /* SceneDelegate.m */ = {isa = PBXFileReference; lastKnownFileType = sourcecode.c.objc; path = SceneDelegate.m; sourceTree = "<group>"; };
		CC67806D257C2E4900F4D36A /* ViewController.h */ = {isa = PBXFileReference; lastKnownFileType = sourcecode.c.h; path = ViewController.h; sourceTree = "<group>"; };
		CC67806E257C2E4900F4D36A /* ViewController.m */ = {isa = PBXFileReference; lastKnownFileType = sourcecode.c.objc; path = ViewController.m; sourceTree = "<group>"; };
		CC678071257C2E4900F4D36A /* Base */ = {isa = PBXFileReference; lastKnownFileType = file.storyboard; name = Base; path = Base.lproj/Main.storyboard; sourceTree = "<group>"; };
		CC678073257C2E4C00F4D36A /* Assets.xcassets */ = {isa = PBXFileReference; lastKnownFileType = folder.assetcatalog; path = Assets.xcassets; sourceTree = "<group>"; };
		CC678076257C2E4C00F4D36A /* Base */ = {isa = PBXFileReference; lastKnownFileType = file.storyboard; name = Base; path = Base.lproj/LaunchScreen.storyboard; sourceTree = "<group>"; };
		CC678078257C2E4C00F4D36A /* Info.plist */ = {isa = PBXFileReference; lastKnownFileType = text.plist.xml; path = Info.plist; sourceTree = "<group>"; };
		CC678079257C2E4C00F4D36A /* main.m */ = {isa = PBXFileReference; lastKnownFileType = sourcecode.c.objc; path = main.m; sourceTree = "<group>"; };
		CC67807F257C2E4C00F4D36A /* FetchCodingExerciseTests.xctest */ = {isa = PBXFileReference; explicitFileType = wrapper.cfbundle; includeInIndex = 0; path = FetchCodingExerciseTests.xctest; sourceTree = BUILT_PRODUCTS_DIR; };
		CC678083257C2E4C00F4D36A /* FetchCodingExerciseTests.m */ = {isa = PBXFileReference; lastKnownFileType = sourcecode.c.objc; path = FetchCodingExerciseTests.m; sourceTree = "<group>"; };
		CC678085257C2E4C00F4D36A /* Info.plist */ = {isa = PBXFileReference; lastKnownFileType = text.plist.xml; path = Info.plist; sourceTree = "<group>"; };
		CC67808A257C2E4C00F4D36A /* FetchCodingExerciseUITests.xctest */ = {isa = PBXFileReference; explicitFileType = wrapper.cfbundle; includeInIndex = 0; path = FetchCodingExerciseUITests.xctest; sourceTree = BUILT_PRODUCTS_DIR; };
		CC67808E257C2E4C00F4D36A /* FetchCodingExerciseUITests.m */ = {isa = PBXFileReference; lastKnownFileType = sourcecode.c.objc; path = FetchCodingExerciseUITests.m; sourceTree = "<group>"; };
		CC678090257C2E4C00F4D36A /* Info.plist */ = {isa = PBXFileReference; lastKnownFileType = text.plist.xml; path = Info.plist; sourceTree = "<group>"; };
		CC6780A6257C2ED400F4D36A /* FetchEventDetailView.m */ = {isa = PBXFileReference; fileEncoding = 4; lastKnownFileType = sourcecode.c.objc; path = FetchEventDetailView.m; sourceTree = "<group>"; };
		CC6780A7257C2ED400F4D36A /* FetchEventTableViewCell.h */ = {isa = PBXFileReference; fileEncoding = 4; lastKnownFileType = sourcecode.c.h; path = FetchEventTableViewCell.h; sourceTree = "<group>"; };
		CC6780A8257C2ED500F4D36A /* FetchEventTableViewCell.m */ = {isa = PBXFileReference; fileEncoding = 4; lastKnownFileType = sourcecode.c.objc; path = FetchEventTableViewCell.m; sourceTree = "<group>"; };
		CC6780A9257C2ED500F4D36A /* FetchEventDetailView.h */ = {isa = PBXFileReference; fileEncoding = 4; lastKnownFileType = sourcecode.c.h; path = FetchEventDetailView.h; sourceTree = "<group>"; };
		CC6780CA257C2EF700F4D36A /* FetchEventViewModel.h */ = {isa = PBXFileReference; fileEncoding = 4; lastKnownFileType = sourcecode.c.h; path = FetchEventViewModel.h; sourceTree = "<group>"; };
		CC6780CB257C2EF700F4D36A /* FetchEventViewModel.m */ = {isa = PBXFileReference; fileEncoding = 4; lastKnownFileType = sourcecode.c.objc; path = FetchEventViewModel.m; sourceTree = "<group>"; };
		CC6780D1257C304100F4D36A /* SeatGeekEvent.m */ = {isa = PBXFileReference; fileEncoding = 4; lastKnownFileType = sourcecode.c.objc; path = SeatGeekEvent.m; sourceTree = "<group>"; };
		CC6780D2257C304100F4D36A /* FetchEvent.h */ = {isa = PBXFileReference; fileEncoding = 4; lastKnownFileType = sourcecode.c.h; path = FetchEvent.h; sourceTree = "<group>"; };
		CC6780D4257C304100F4D36A /* SeatGeekEvent.h */ = {isa = PBXFileReference; fileEncoding = 4; lastKnownFileType = sourcecode.c.h; path = SeatGeekEvent.h; sourceTree = "<group>"; };
		CC6780D5257C304100F4D36A /* FetchEvent.m */ = {isa = PBXFileReference; fileEncoding = 4; lastKnownFileType = sourcecode.c.objc; path = FetchEvent.m; sourceTree = "<group>"; };
		CC6780E3257C310B00F4D36A /* FetchEventDetailViewController.m */ = {isa = PBXFileReference; fileEncoding = 4; lastKnownFileType = sourcecode.c.objc; path = FetchEventDetailViewController.m; sourceTree = "<group>"; };
		CC6780E4257C310B00F4D36A /* FetchEventDetailViewController.h */ = {isa = PBXFileReference; fileEncoding = 4; lastKnownFileType = sourcecode.c.h; path = FetchEventDetailViewController.h; sourceTree = "<group>"; };
		CC6780E5257C310B00F4D36A /* FetchEventTableViewController.h */ = {isa = PBXFileReference; fileEncoding = 4; lastKnownFileType = sourcecode.c.h; path = FetchEventTableViewController.h; sourceTree = "<group>"; };
		CC6780E6257C310B00F4D36A /* FetchEventTableViewController.m */ = {isa = PBXFileReference; fileEncoding = 4; lastKnownFileType = sourcecode.c.objc; path = FetchEventTableViewController.m; sourceTree = "<group>"; };
		CC6780FA257C3F3900F4D36A /* FetchThemeUtility.h */ = {isa = PBXFileReference; lastKnownFileType = sourcecode.c.h; path = FetchThemeUtility.h; sourceTree = "<group>"; };
		CC6780FB257C3F3900F4D36A /* FetchThemeUtility.m */ = {isa = PBXFileReference; lastKnownFileType = sourcecode.c.objc; path = FetchThemeUtility.m; sourceTree = "<group>"; };
		CC678103257C4D4600F4D36A /* SeatGeekLoader.h */ = {isa = PBXFileReference; lastKnownFileType = sourcecode.c.h; path = SeatGeekLoader.h; sourceTree = "<group>"; };
		CC678104257C4D4600F4D36A /* SeatGeekLoader.m */ = {isa = PBXFileReference; lastKnownFileType = sourcecode.c.objc; path = SeatGeekLoader.m; sourceTree = "<group>"; };
		CC678109257C536B00F4D36A /* FetchRootViewController.h */ = {isa = PBXFileReference; lastKnownFileType = sourcecode.c.h; path = FetchRootViewController.h; sourceTree = "<group>"; };
		CC67810A257C536B00F4D36A /* FetchRootViewController.m */ = {isa = PBXFileReference; lastKnownFileType = sourcecode.c.objc; path = FetchRootViewController.m; sourceTree = "<group>"; };
		CC67810F257C58FC00F4D36A /* FakeDataFile */ = {isa = PBXFileReference; lastKnownFileType = text; path = FakeDataFile; sourceTree = "<group>"; };
		CCDE8A40257D6DCA00ACFB6B /* FetchFavoriteEventsManager.h */ = {isa = PBXFileReference; lastKnownFileType = sourcecode.c.h; path = FetchFavoriteEventsManager.h; sourceTree = "<group>"; };
		CCDE8A41257D6DCA00ACFB6B /* FetchFavoriteEventsManager.m */ = {isa = PBXFileReference; lastKnownFileType = sourcecode.c.objc; path = FetchFavoriteEventsManager.m; sourceTree = "<group>"; };
		CCDE8A49257DB93400ACFB6B /* SeatGeekLoaderTests.m */ = {isa = PBXFileReference; lastKnownFileType = sourcecode.c.objc; path = SeatGeekLoaderTests.m; sourceTree = "<group>"; };
		CCDE8A51257DBA6500ACFB6B /* FetchFavoriteEventsManagerTests.m */ = {isa = PBXFileReference; lastKnownFileType = sourcecode.c.objc; path = FetchFavoriteEventsManagerTests.m; sourceTree = "<group>"; };
		CCDE8A59257DC54D00ACFB6B /* FetchEventViewModelTests.m */ = {isa = PBXFileReference; lastKnownFileType = sourcecode.c.objc; path = FetchEventViewModelTests.m; sourceTree = "<group>"; };
		CCDE8A5E257DC57D00ACFB6B /* FetchTestUtilities.h */ = {isa = PBXFileReference; lastKnownFileType = sourcecode.c.h; path = FetchTestUtilities.h; sourceTree = "<group>"; };
		CCDE8A5F257DC57D00ACFB6B /* FetchTestUtilities.m */ = {isa = PBXFileReference; lastKnownFileType = sourcecode.c.objc; path = FetchTestUtilities.m; sourceTree = "<group>"; };
		CCDE8A6F257DD86D00ACFB6B /* favorited.jpg */ = {isa = PBXFileReference; lastKnownFileType = image.jpeg; path = favorited.jpg; sourceTree = "<group>"; };
		CCDE8A74257DD87500ACFB6B /* unfavorited.jpg */ = {isa = PBXFileReference; lastKnownFileType = image.jpeg; path = unfavorited.jpg; sourceTree = "<group>"; };
		CCDE8A79257DDA5200ACFB6B /* favorited.png */ = {isa = PBXFileReference; lastKnownFileType = image.png; path = favorited.png; sourceTree = "<group>"; };
		CCDE8A7E257DDA5900ACFB6B /* unfavorited.png */ = {isa = PBXFileReference; lastKnownFileType = image.png; path = unfavorited.png; sourceTree = "<group>"; };
/* End PBXFileReference section */

/* Begin PBXFrameworksBuildPhase section */
		CC678061257C2E4900F4D36A /* Frameworks */ = {
			isa = PBXFrameworksBuildPhase;
			buildActionMask = 2147483647;
			files = (
			);
			runOnlyForDeploymentPostprocessing = 0;
		};
		CC67807C257C2E4C00F4D36A /* Frameworks */ = {
			isa = PBXFrameworksBuildPhase;
			buildActionMask = 2147483647;
			files = (
			);
			runOnlyForDeploymentPostprocessing = 0;
		};
		CC678087257C2E4C00F4D36A /* Frameworks */ = {
			isa = PBXFrameworksBuildPhase;
			buildActionMask = 2147483647;
			files = (
			);
			runOnlyForDeploymentPostprocessing = 0;
		};
/* End PBXFrameworksBuildPhase section */

/* Begin PBXGroup section */
		CC67805B257C2E4900F4D36A = {
			isa = PBXGroup;
			children = (
				CC678066257C2E4900F4D36A /* FetchCodingExercise */,
				CC678082257C2E4C00F4D36A /* FetchCodingExerciseTests */,
				CC67808D257C2E4C00F4D36A /* FetchCodingExerciseUITests */,
				CC678065257C2E4900F4D36A /* Products */,
			);
			sourceTree = "<group>";
		};
		CC678065257C2E4900F4D36A /* Products */ = {
			isa = PBXGroup;
			children = (
				CC678064257C2E4900F4D36A /* FetchCodingExercise.app */,
				CC67807F257C2E4C00F4D36A /* FetchCodingExerciseTests.xctest */,
				CC67808A257C2E4C00F4D36A /* FetchCodingExerciseUITests.xctest */,
			);
			name = Products;
			sourceTree = "<group>";
		};
		CC678066257C2E4900F4D36A /* FetchCodingExercise */ = {
			isa = PBXGroup;
			children = (
				CCDE8A6D257DD85500ACFB6B /* Resources */,
				CC6780E1257C30F300F4D36A /* ViewControllers */,
				CC6780C9257C2EF700F4D36A /* ViewModels */,
				CC6780A5257C2ED400F4D36A /* Views */,
				CC6780D0257C304100F4D36A /* Model */,
				CC6780EF257C35CD00F4D36A /* ApplicationSetup */,
				CC6780F9257C3F1D00F4D36A /* Utility */,
				CC678078257C2E4C00F4D36A /* Info.plist */,
			);
			path = FetchCodingExercise;
			sourceTree = "<group>";
		};
		CC678082257C2E4C00F4D36A /* FetchCodingExerciseTests */ = {
			isa = PBXGroup;
			children = (
				CC67810F257C58FC00F4D36A /* FakeDataFile */,
				CC678083257C2E4C00F4D36A /* FetchCodingExerciseTests.m */,
				CCDE8A51257DBA6500ACFB6B /* FetchFavoriteEventsManagerTests.m */,
				CCDE8A59257DC54D00ACFB6B /* FetchEventViewModelTests.m */,
				CCDE8A49257DB93400ACFB6B /* SeatGeekLoaderTests.m */,
				CC678085257C2E4C00F4D36A /* Info.plist */,
				CCDE8A5E257DC57D00ACFB6B /* FetchTestUtilities.h */,
				CCDE8A5F257DC57D00ACFB6B /* FetchTestUtilities.m */,
			);
			path = FetchCodingExerciseTests;
			sourceTree = "<group>";
		};
		CC67808D257C2E4C00F4D36A /* FetchCodingExerciseUITests */ = {
			isa = PBXGroup;
			children = (
				CC67808E257C2E4C00F4D36A /* FetchCodingExerciseUITests.m */,
				CC678090257C2E4C00F4D36A /* Info.plist */,
			);
			path = FetchCodingExerciseUITests;
			sourceTree = "<group>";
		};
		CC6780A5257C2ED400F4D36A /* Views */ = {
			isa = PBXGroup;
			children = (
				CC6780A9257C2ED500F4D36A /* FetchEventDetailView.h */,
				CC6780A6257C2ED400F4D36A /* FetchEventDetailView.m */,
				CC6780A7257C2ED400F4D36A /* FetchEventTableViewCell.h */,
				CC6780A8257C2ED500F4D36A /* FetchEventTableViewCell.m */,
			);
			path = Views;
			sourceTree = "<group>";
		};
		CC6780C9257C2EF700F4D36A /* ViewModels */ = {
			isa = PBXGroup;
			children = (
				CC6780CA257C2EF700F4D36A /* FetchEventViewModel.h */,
				CC6780CB257C2EF700F4D36A /* FetchEventViewModel.m */,
			);
			path = ViewModels;
			sourceTree = "<group>";
		};
		CC6780D0257C304100F4D36A /* Model */ = {
			isa = PBXGroup;
			children = (
				CC6780D4257C304100F4D36A /* SeatGeekEvent.h */,
				CC6780D1257C304100F4D36A /* SeatGeekEvent.m */,
				CC6780D2257C304100F4D36A /* FetchEvent.h */,
				CC6780D5257C304100F4D36A /* FetchEvent.m */,
			);
			path = Model;
			sourceTree = "<group>";
		};
		CC6780E1257C30F300F4D36A /* ViewControllers */ = {
			isa = PBXGroup;
			children = (
				CC6780E4257C310B00F4D36A /* FetchEventDetailViewController.h */,
				CC6780E3257C310B00F4D36A /* FetchEventDetailViewController.m */,
				CC6780E5257C310B00F4D36A /* FetchEventTableViewController.h */,
				CC6780E6257C310B00F4D36A /* FetchEventTableViewController.m */,
				CC678109257C536B00F4D36A /* FetchRootViewController.h */,
				CC67810A257C536B00F4D36A /* FetchRootViewController.m */,
			);
			name = ViewControllers;
			path = ../../FetchSeatGeekExercise/Shared/ViewControllers;
			sourceTree = "<group>";
		};
		CC6780EF257C35CD00F4D36A /* ApplicationSetup */ = {
			isa = PBXGroup;
			children = (
				CC678067257C2E4900F4D36A /* AppDelegate.h */,
				CC678068257C2E4900F4D36A /* AppDelegate.m */,
				CC67806A257C2E4900F4D36A /* SceneDelegate.h */,
				CC67806B257C2E4900F4D36A /* SceneDelegate.m */,
				CC67806D257C2E4900F4D36A /* ViewController.h */,
				CC67806E257C2E4900F4D36A /* ViewController.m */,
				CC678075257C2E4C00F4D36A /* LaunchScreen.storyboard */,
				CC678079257C2E4C00F4D36A /* main.m */,
				CC678070257C2E4900F4D36A /* Main.storyboard */,
				CC678073257C2E4C00F4D36A /* Assets.xcassets */,
			);
			path = ApplicationSetup;
			sourceTree = "<group>";
		};
		CC6780F9257C3F1D00F4D36A /* Utility */ = {
			isa = PBXGroup;
			children = (
				CC6780FA257C3F3900F4D36A /* FetchThemeUtility.h */,
				CC6780FB257C3F3900F4D36A /* FetchThemeUtility.m */,
				CC678103257C4D4600F4D36A /* SeatGeekLoader.h */,
				CC678104257C4D4600F4D36A /* SeatGeekLoader.m */,
				CCDE8A40257D6DCA00ACFB6B /* FetchFavoriteEventsManager.h */,
				CCDE8A41257D6DCA00ACFB6B /* FetchFavoriteEventsManager.m */,
			);
			path = Utility;
			sourceTree = "<group>";
		};
		CCDE8A6D257DD85500ACFB6B /* Resources */ = {
			isa = PBXGroup;
			children = (
				CCDE8A6E257DD86400ACFB6B /* Icons */,
			);
			path = Resources;
			sourceTree = "<group>";
		};
		CCDE8A6E257DD86400ACFB6B /* Icons */ = {
			isa = PBXGroup;
			children = (
				CCDE8A79257DDA5200ACFB6B /* favorited.png */,
				CCDE8A7E257DDA5900ACFB6B /* unfavorited.png */,
				CCDE8A6F257DD86D00ACFB6B /* favorited.jpg */,
				CCDE8A74257DD87500ACFB6B /* unfavorited.jpg */,
			);
			path = Icons;
			sourceTree = "<group>";
		};
/* End PBXGroup section */

/* Begin PBXNativeTarget section */
		CC678063257C2E4900F4D36A /* FetchCodingExercise */ = {
			isa = PBXNativeTarget;
			buildConfigurationList = CC678093257C2E4C00F4D36A /* Build configuration list for PBXNativeTarget "FetchCodingExercise" */;
			buildPhases = (
				CC678060257C2E4900F4D36A /* Sources */,
				CC678061257C2E4900F4D36A /* Frameworks */,
				CC678062257C2E4900F4D36A /* Resources */,
			);
			buildRules = (
			);
			dependencies = (
			);
			name = FetchCodingExercise;
			productName = FetchCodingExercise;
			productReference = CC678064257C2E4900F4D36A /* FetchCodingExercise.app */;
			productType = "com.apple.product-type.application";
		};
		CC67807E257C2E4C00F4D36A /* FetchCodingExerciseTests */ = {
			isa = PBXNativeTarget;
			buildConfigurationList = CC678096257C2E4C00F4D36A /* Build configuration list for PBXNativeTarget "FetchCodingExerciseTests" */;
			buildPhases = (
				CC67807B257C2E4C00F4D36A /* Sources */,
				CC67807C257C2E4C00F4D36A /* Frameworks */,
				CC67807D257C2E4C00F4D36A /* Resources */,
			);
			buildRules = (
			);
			dependencies = (
				CC678081257C2E4C00F4D36A /* PBXTargetDependency */,
			);
			name = FetchCodingExerciseTests;
			productName = FetchCodingExerciseTests;
			productReference = CC67807F257C2E4C00F4D36A /* FetchCodingExerciseTests.xctest */;
			productType = "com.apple.product-type.bundle.unit-test";
		};
		CC678089257C2E4C00F4D36A /* FetchCodingExerciseUITests */ = {
			isa = PBXNativeTarget;
			buildConfigurationList = CC678099257C2E4C00F4D36A /* Build configuration list for PBXNativeTarget "FetchCodingExerciseUITests" */;
			buildPhases = (
				CC678086257C2E4C00F4D36A /* Sources */,
				CC678087257C2E4C00F4D36A /* Frameworks */,
				CC678088257C2E4C00F4D36A /* Resources */,
			);
			buildRules = (
			);
			dependencies = (
				CC67808C257C2E4C00F4D36A /* PBXTargetDependency */,
			);
			name = FetchCodingExerciseUITests;
			productName = FetchCodingExerciseUITests;
			productReference = CC67808A257C2E4C00F4D36A /* FetchCodingExerciseUITests.xctest */;
			productType = "com.apple.product-type.bundle.ui-testing";
		};
/* End PBXNativeTarget section */

/* Begin PBXProject section */
		CC67805C257C2E4900F4D36A /* Project object */ = {
			isa = PBXProject;
			attributes = {
				LastUpgradeCheck = 1220;
				TargetAttributes = {
					CC678063257C2E4900F4D36A = {
						CreatedOnToolsVersion = 12.2;
					};
					CC67807E257C2E4C00F4D36A = {
						CreatedOnToolsVersion = 12.2;
						TestTargetID = CC678063257C2E4900F4D36A;
					};
					CC678089257C2E4C00F4D36A = {
						CreatedOnToolsVersion = 12.2;
						TestTargetID = CC678063257C2E4900F4D36A;
					};
				};
			};
			buildConfigurationList = CC67805F257C2E4900F4D36A /* Build configuration list for PBXProject "FetchCodingExercise" */;
			compatibilityVersion = "Xcode 9.3";
			developmentRegion = en;
			hasScannedForEncodings = 0;
			knownRegions = (
				en,
				Base,
			);
			mainGroup = CC67805B257C2E4900F4D36A;
			productRefGroup = CC678065257C2E4900F4D36A /* Products */;
			projectDirPath = "";
			projectRoot = "";
			targets = (
				CC678063257C2E4900F4D36A /* FetchCodingExercise */,
				CC67807E257C2E4C00F4D36A /* FetchCodingExerciseTests */,
				CC678089257C2E4C00F4D36A /* FetchCodingExerciseUITests */,
			);
		};
/* End PBXProject section */

/* Begin PBXResourcesBuildPhase section */
		CC678062257C2E4900F4D36A /* Resources */ = {
			isa = PBXResourcesBuildPhase;
			buildActionMask = 2147483647;
			files = (
				CCDE8A7A257DDA5200ACFB6B /* favorited.png in Resources */,
				CCDE8A7F257DDA5900ACFB6B /* unfavorited.png in Resources */,
				CC678077257C2E4C00F4D36A /* LaunchScreen.storyboard in Resources */,
				CC678110257C58FC00F4D36A /* FakeDataFile in Resources */,
				CCDE8A70257DD86D00ACFB6B /* favorited.jpg in Resources */,
				CC678074257C2E4C00F4D36A /* Assets.xcassets in Resources */,
				CC678072257C2E4900F4D36A /* Main.storyboard in Resources */,
				CCDE8A75257DD87500ACFB6B /* unfavorited.jpg in Resources */,
			);
			runOnlyForDeploymentPostprocessing = 0;
		};
		CC67807D257C2E4C00F4D36A /* Resources */ = {
			isa = PBXResourcesBuildPhase;
			buildActionMask = 2147483647;
			files = (
			);
			runOnlyForDeploymentPostprocessing = 0;
		};
		CC678088257C2E4C00F4D36A /* Resources */ = {
			isa = PBXResourcesBuildPhase;
			buildActionMask = 2147483647;
			files = (
			);
			runOnlyForDeploymentPostprocessing = 0;
		};
/* End PBXResourcesBuildPhase section */

/* Begin PBXSourcesBuildPhase section */
		CC678060257C2E4900F4D36A /* Sources */ = {
			isa = PBXSourcesBuildPhase;
			buildActionMask = 2147483647;
			files = (
				CC6780D6257C304100F4D36A /* SeatGeekEvent.m in Sources */,
				CC67806F257C2E4900F4D36A /* ViewController.m in Sources */,
				CC6780D7257C304100F4D36A /* FetchEvent.m in Sources */,
				CC6780E8257C310B00F4D36A /* FetchEventTableViewController.m in Sources */,
				CC6780AA257C2ED500F4D36A /* FetchEventDetailView.m in Sources */,
				CCDE8A42257D6DCA00ACFB6B /* FetchFavoriteEventsManager.m in Sources */,
				CC678105257C4D4600F4D36A /* SeatGeekLoader.m in Sources */,
				CC6780CC257C2EF700F4D36A /* FetchEventViewModel.m in Sources */,
				CC67810B257C536B00F4D36A /* FetchRootViewController.m in Sources */,
				CC678069257C2E4900F4D36A /* AppDelegate.m in Sources */,
				CC6780AB257C2ED500F4D36A /* FetchEventTableViewCell.m in Sources */,
				CC67807A257C2E4C00F4D36A /* main.m in Sources */,
				CC6780E7257C310B00F4D36A /* FetchEventDetailViewController.m in Sources */,
				CC67806C257C2E4900F4D36A /* SceneDelegate.m in Sources */,
				CC6780FC257C3F3A00F4D36A /* FetchThemeUtility.m in Sources */,
			);
			runOnlyForDeploymentPostprocessing = 0;
		};
		CC67807B257C2E4C00F4D36A /* Sources */ = {
			isa = PBXSourcesBuildPhase;
			buildActionMask = 2147483647;
			files = (
				CCDE8A5A257DC54D00ACFB6B /* FetchEventViewModelTests.m in Sources */,
				CC678084257C2E4C00F4D36A /* FetchCodingExerciseTests.m in Sources */,
				CCDE8A4A257DB93400ACFB6B /* SeatGeekLoaderTests.m in Sources */,
				CCDE8A60257DC57D00ACFB6B /* FetchTestUtilities.m in Sources */,
				CCDE8A52257DBA6500ACFB6B /* FetchFavoriteEventsManagerTests.m in Sources */,
			);
			runOnlyForDeploymentPostprocessing = 0;
		};
		CC678086257C2E4C00F4D36A /* Sources */ = {
			isa = PBXSourcesBuildPhase;
			buildActionMask = 2147483647;
			files = (
				CC67808F257C2E4C00F4D36A /* FetchCodingExerciseUITests.m in Sources */,
			);
			runOnlyForDeploymentPostprocessing = 0;
		};
/* End PBXSourcesBuildPhase section */

/* Begin PBXTargetDependency section */
		CC678081257C2E4C00F4D36A /* PBXTargetDependency */ = {
			isa = PBXTargetDependency;
			target = CC678063257C2E4900F4D36A /* FetchCodingExercise */;
			targetProxy = CC678080257C2E4C00F4D36A /* PBXContainerItemProxy */;
		};
		CC67808C257C2E4C00F4D36A /* PBXTargetDependency */ = {
			isa = PBXTargetDependency;
			target = CC678063257C2E4900F4D36A /* FetchCodingExercise */;
			targetProxy = CC67808B257C2E4C00F4D36A /* PBXContainerItemProxy */;
		};
/* End PBXTargetDependency section */

/* Begin PBXVariantGroup section */
		CC678070257C2E4900F4D36A /* Main.storyboard */ = {
			isa = PBXVariantGroup;
			children = (
				CC678071257C2E4900F4D36A /* Base */,
			);
			name = Main.storyboard;
			sourceTree = "<group>";
		};
		CC678075257C2E4C00F4D36A /* LaunchScreen.storyboard */ = {
			isa = PBXVariantGroup;
			children = (
				CC678076257C2E4C00F4D36A /* Base */,
			);
			name = LaunchScreen.storyboard;
			sourceTree = "<group>";
		};
/* End PBXVariantGroup section */

/* Begin XCBuildConfiguration section */
		CC678091257C2E4C00F4D36A /* Debug */ = {
			isa = XCBuildConfiguration;
			buildSettings = {
				ALWAYS_SEARCH_USER_PATHS = NO;
				CLANG_ANALYZER_NONNULL = YES;
				CLANG_ANALYZER_NUMBER_OBJECT_CONVERSION = YES_AGGRESSIVE;
				CLANG_CXX_LANGUAGE_STANDARD = "gnu++14";
				CLANG_CXX_LIBRARY = "libc++";
				CLANG_ENABLE_MODULES = YES;
				CLANG_ENABLE_OBJC_ARC = YES;
				CLANG_ENABLE_OBJC_WEAK = YES;
				CLANG_WARN_BLOCK_CAPTURE_AUTORELEASING = YES;
				CLANG_WARN_BOOL_CONVERSION = YES;
				CLANG_WARN_COMMA = YES;
				CLANG_WARN_CONSTANT_CONVERSION = YES;
				CLANG_WARN_DEPRECATED_OBJC_IMPLEMENTATIONS = YES;
				CLANG_WARN_DIRECT_OBJC_ISA_USAGE = YES_ERROR;
				CLANG_WARN_DOCUMENTATION_COMMENTS = YES;
				CLANG_WARN_EMPTY_BODY = YES;
				CLANG_WARN_ENUM_CONVERSION = YES;
				CLANG_WARN_INFINITE_RECURSION = YES;
				CLANG_WARN_INT_CONVERSION = YES;
				CLANG_WARN_NON_LITERAL_NULL_CONVERSION = YES;
				CLANG_WARN_OBJC_IMPLICIT_RETAIN_SELF = YES;
				CLANG_WARN_OBJC_LITERAL_CONVERSION = YES;
				CLANG_WARN_OBJC_ROOT_CLASS = YES_ERROR;
				CLANG_WARN_QUOTED_INCLUDE_IN_FRAMEWORK_HEADER = YES;
				CLANG_WARN_RANGE_LOOP_ANALYSIS = YES;
				CLANG_WARN_STRICT_PROTOTYPES = YES;
				CLANG_WARN_SUSPICIOUS_MOVE = YES;
				CLANG_WARN_UNGUARDED_AVAILABILITY = YES_AGGRESSIVE;
				CLANG_WARN_UNREACHABLE_CODE = YES;
				CLANG_WARN__DUPLICATE_METHOD_MATCH = YES;
				COPY_PHASE_STRIP = NO;
				DEBUG_INFORMATION_FORMAT = dwarf;
				ENABLE_STRICT_OBJC_MSGSEND = YES;
				ENABLE_TESTABILITY = YES;
				GCC_C_LANGUAGE_STANDARD = gnu11;
				GCC_DYNAMIC_NO_PIC = NO;
				GCC_NO_COMMON_BLOCKS = YES;
				GCC_OPTIMIZATION_LEVEL = 0;
				GCC_PREPROCESSOR_DEFINITIONS = (
					"DEBUG=1",
					"$(inherited)",
				);
				GCC_WARN_64_TO_32_BIT_CONVERSION = YES;
				GCC_WARN_ABOUT_RETURN_TYPE = YES_ERROR;
				GCC_WARN_UNDECLARED_SELECTOR = YES;
				GCC_WARN_UNINITIALIZED_AUTOS = YES_AGGRESSIVE;
				GCC_WARN_UNUSED_FUNCTION = YES;
				GCC_WARN_UNUSED_VARIABLE = YES;
				IPHONEOS_DEPLOYMENT_TARGET = 14.2;
				MTL_ENABLE_DEBUG_INFO = INCLUDE_SOURCE;
				MTL_FAST_MATH = YES;
				ONLY_ACTIVE_ARCH = YES;
				SDKROOT = iphoneos;
			};
			name = Debug;
		};
		CC678092257C2E4C00F4D36A /* Release */ = {
			isa = XCBuildConfiguration;
			buildSettings = {
				ALWAYS_SEARCH_USER_PATHS = NO;
				CLANG_ANALYZER_NONNULL = YES;
				CLANG_ANALYZER_NUMBER_OBJECT_CONVERSION = YES_AGGRESSIVE;
				CLANG_CXX_LANGUAGE_STANDARD = "gnu++14";
				CLANG_CXX_LIBRARY = "libc++";
				CLANG_ENABLE_MODULES = YES;
				CLANG_ENABLE_OBJC_ARC = YES;
				CLANG_ENABLE_OBJC_WEAK = YES;
				CLANG_WARN_BLOCK_CAPTURE_AUTORELEASING = YES;
				CLANG_WARN_BOOL_CONVERSION = YES;
				CLANG_WARN_COMMA = YES;
				CLANG_WARN_CONSTANT_CONVERSION = YES;
				CLANG_WARN_DEPRECATED_OBJC_IMPLEMENTATIONS = YES;
				CLANG_WARN_DIRECT_OBJC_ISA_USAGE = YES_ERROR;
				CLANG_WARN_DOCUMENTATION_COMMENTS = YES;
				CLANG_WARN_EMPTY_BODY = YES;
				CLANG_WARN_ENUM_CONVERSION = YES;
				CLANG_WARN_INFINITE_RECURSION = YES;
				CLANG_WARN_INT_CONVERSION = YES;
				CLANG_WARN_NON_LITERAL_NULL_CONVERSION = YES;
				CLANG_WARN_OBJC_IMPLICIT_RETAIN_SELF = YES;
				CLANG_WARN_OBJC_LITERAL_CONVERSION = YES;
				CLANG_WARN_OBJC_ROOT_CLASS = YES_ERROR;
				CLANG_WARN_QUOTED_INCLUDE_IN_FRAMEWORK_HEADER = YES;
				CLANG_WARN_RANGE_LOOP_ANALYSIS = YES;
				CLANG_WARN_STRICT_PROTOTYPES = YES;
				CLANG_WARN_SUSPICIOUS_MOVE = YES;
				CLANG_WARN_UNGUARDED_AVAILABILITY = YES_AGGRESSIVE;
				CLANG_WARN_UNREACHABLE_CODE = YES;
				CLANG_WARN__DUPLICATE_METHOD_MATCH = YES;
				COPY_PHASE_STRIP = NO;
				DEBUG_INFORMATION_FORMAT = "dwarf-with-dsym";
				ENABLE_NS_ASSERTIONS = NO;
				ENABLE_STRICT_OBJC_MSGSEND = YES;
				GCC_C_LANGUAGE_STANDARD = gnu11;
				GCC_NO_COMMON_BLOCKS = YES;
				GCC_WARN_64_TO_32_BIT_CONVERSION = YES;
				GCC_WARN_ABOUT_RETURN_TYPE = YES_ERROR;
				GCC_WARN_UNDECLARED_SELECTOR = YES;
				GCC_WARN_UNINITIALIZED_AUTOS = YES_AGGRESSIVE;
				GCC_WARN_UNUSED_FUNCTION = YES;
				GCC_WARN_UNUSED_VARIABLE = YES;
				IPHONEOS_DEPLOYMENT_TARGET = 14.2;
				MTL_ENABLE_DEBUG_INFO = NO;
				MTL_FAST_MATH = YES;
				SDKROOT = iphoneos;
				VALIDATE_PRODUCT = YES;
			};
			name = Release;
		};
		CC678094257C2E4C00F4D36A /* Debug */ = {
			isa = XCBuildConfiguration;
			buildSettings = {
				ASSETCATALOG_COMPILER_APPICON_NAME = AppIcon;
				ASSETCATALOG_COMPILER_GLOBAL_ACCENT_COLOR_NAME = AccentColor;
				CODE_SIGN_STYLE = Automatic;
				DEVELOPMENT_TEAM = 7U3859EB72;
				INFOPLIST_FILE = FetchCodingExercise/Info.plist;
				LD_RUNPATH_SEARCH_PATHS = (
					"$(inherited)",
					"@executable_path/Frameworks",
				);
				PRODUCT_BUNDLE_IDENTIFIER = Blake.FetchCodingExercise;
				PRODUCT_NAME = "$(TARGET_NAME)";
				TARGETED_DEVICE_FAMILY = "1,2";
			};
			name = Debug;
		};
		CC678095257C2E4C00F4D36A /* Release */ = {
			isa = XCBuildConfiguration;
			buildSettings = {
				ASSETCATALOG_COMPILER_APPICON_NAME = AppIcon;
				ASSETCATALOG_COMPILER_GLOBAL_ACCENT_COLOR_NAME = AccentColor;
				CODE_SIGN_STYLE = Automatic;
				DEVELOPMENT_TEAM = 7U3859EB72;
				INFOPLIST_FILE = FetchCodingExercise/Info.plist;
				LD_RUNPATH_SEARCH_PATHS = (
					"$(inherited)",
					"@executable_path/Frameworks",
				);
				PRODUCT_BUNDLE_IDENTIFIER = Blake.FetchCodingExercise;
				PRODUCT_NAME = "$(TARGET_NAME)";
				TARGETED_DEVICE_FAMILY = "1,2";
			};
			name = Release;
		};
		CC678097257C2E4C00F4D36A /* Debug */ = {
			isa = XCBuildConfiguration;
			buildSettings = {
				BUNDLE_LOADER = "$(TEST_HOST)";
				CODE_SIGN_STYLE = Automatic;
				DEVELOPMENT_TEAM = 7U3859EB72;
				INFOPLIST_FILE = FetchCodingExerciseTests/Info.plist;
				IPHONEOS_DEPLOYMENT_TARGET = 14.2;
				LD_RUNPATH_SEARCH_PATHS = (
					"$(inherited)",
					"@executable_path/Frameworks",
					"@loader_path/Frameworks",
				);
				PRODUCT_BUNDLE_IDENTIFIER = Blake.FetchCodingExerciseTests;
				PRODUCT_NAME = "$(TARGET_NAME)";
				TARGETED_DEVICE_FAMILY = "1,2";
				TEST_HOST = "$(BUILT_PRODUCTS_DIR)/FetchCodingExercise.app/FetchCodingExercise";
			};
			name = Debug;
		};
		CC678098257C2E4C00F4D36A /* Release */ = {
			isa = XCBuildConfiguration;
			buildSettings = {
				BUNDLE_LOADER = "$(TEST_HOST)";
				CODE_SIGN_STYLE = Automatic;
				DEVELOPMENT_TEAM = 7U3859EB72;
				INFOPLIST_FILE = FetchCodingExerciseTests/Info.plist;
				IPHONEOS_DEPLOYMENT_TARGET = 14.2;
				LD_RUNPATH_SEARCH_PATHS = (
					"$(inherited)",
					"@executable_path/Frameworks",
					"@loader_path/Frameworks",
				);
				PRODUCT_BUNDLE_IDENTIFIER = Blake.FetchCodingExerciseTests;
				PRODUCT_NAME = "$(TARGET_NAME)";
				TARGETED_DEVICE_FAMILY = "1,2";
				TEST_HOST = "$(BUILT_PRODUCTS_DIR)/FetchCodingExercise.app/FetchCodingExercise";
			};
			name = Release;
		};
		CC67809A257C2E4C00F4D36A /* Debug */ = {
			isa = XCBuildConfiguration;
			buildSettings = {
				CODE_SIGN_STYLE = Automatic;
				DEVELOPMENT_TEAM = 7U3859EB72;
				INFOPLIST_FILE = FetchCodingExerciseUITests/Info.plist;
				LD_RUNPATH_SEARCH_PATHS = (
					"$(inherited)",
					"@executable_path/Frameworks",
					"@loader_path/Frameworks",
				);
				PRODUCT_BUNDLE_IDENTIFIER = Blake.FetchCodingExerciseUITests;
				PRODUCT_NAME = "$(TARGET_NAME)";
				TARGETED_DEVICE_FAMILY = "1,2";
				TEST_TARGET_NAME = FetchCodingExercise;
			};
			name = Debug;
		};
		CC67809B257C2E4C00F4D36A /* Release */ = {
			isa = XCBuildConfiguration;
			buildSettings = {
				CODE_SIGN_STYLE = Automatic;
				DEVELOPMENT_TEAM = 7U3859EB72;
				INFOPLIST_FILE = FetchCodingExerciseUITests/Info.plist;
				LD_RUNPATH_SEARCH_PATHS = (
					"$(inherited)",
					"@executable_path/Frameworks",
					"@loader_path/Frameworks",
				);
				PRODUCT_BUNDLE_IDENTIFIER = Blake.FetchCodingExerciseUITests;
				PRODUCT_NAME = "$(TARGET_NAME)";
				TARGETED_DEVICE_FAMILY = "1,2";
				TEST_TARGET_NAME = FetchCodingExercise;
			};
			name = Release;
		};
/* End XCBuildConfiguration section */

/* Begin XCConfigurationList section */
		CC67805F257C2E4900F4D36A /* Build configuration list for PBXProject "FetchCodingExercise" */ = {
			isa = XCConfigurationList;
			buildConfigurations = (
				CC678091257C2E4C00F4D36A /* Debug */,
				CC678092257C2E4C00F4D36A /* Release */,
			);
			defaultConfigurationIsVisible = 0;
			defaultConfigurationName = Release;
		};
		CC678093257C2E4C00F4D36A /* Build configuration list for PBXNativeTarget "FetchCodingExercise" */ = {
			isa = XCConfigurationList;
			buildConfigurations = (
				CC678094257C2E4C00F4D36A /* Debug */,
				CC678095257C2E4C00F4D36A /* Release */,
			);
			defaultConfigurationIsVisible = 0;
			defaultConfigurationName = Release;
		};
		CC678096257C2E4C00F4D36A /* Build configuration list for PBXNativeTarget "FetchCodingExerciseTests" */ = {
			isa = XCConfigurationList;
			buildConfigurations = (
				CC678097257C2E4C00F4D36A /* Debug */,
				CC678098257C2E4C00F4D36A /* Release */,
			);
			defaultConfigurationIsVisible = 0;
			defaultConfigurationName = Release;
		};
		CC678099257C2E4C00F4D36A /* Build configuration list for PBXNativeTarget "FetchCodingExerciseUITests" */ = {
			isa = XCConfigurationList;
			buildConfigurations = (
				CC67809A257C2E4C00F4D36A /* Debug */,
				CC67809B257C2E4C00F4D36A /* Release */,
			);
			defaultConfigurationIsVisible = 0;
			defaultConfigurationName = Release;
		};
/* End XCConfigurationList section */
	};
	rootObject = CC67805C257C2E4900F4D36A /* Project object */;
}
